{
    "_readme": [
        "This file locks the dependencies of your project to a known state",
        "Read more about it at https://getcomposer.org/doc/01-basic-usage.md#composer-lock-the-lock-file",
        "This file is @generated automatically"
    ],
    "hash": "0c04c0f4cbd3d2459352024420e71384",
    "content-hash": "73323c63183c728f27ffb7139d3f160a",
    "packages": [
        {
            "name": "spatie/opening-hours",
            "version": "1.1.0",
            "source": {
                "type": "git",
                "url": "https://github.com/spatie/opening-hours.git",
                "reference": "174839abc95b0479e20270d9cbc831bad22d1230"
            },
            "dist": {
                "type": "zip",
                "url": "https://api.github.com/repos/spatie/opening-hours/zipball/174839abc95b0479e20270d9cbc831bad22d1230",
                "reference": "174839abc95b0479e20270d9cbc831bad22d1230",
                "shasum": ""
            },
            "require": {
                "php": "^7.0"
            },
            "require-dev": {
                "phpunit/phpunit": "5.*"
            },
            "type": "library",
            "autoload": {
                "psr-4": {
                    "Spatie\\OpeningHours\\": "src"
                }
            },
            "notification-url": "https://packagist.org/downloads/",
            "license": [
                "MIT"
            ],
            "authors": [
                {
                    "name": "Sebastian De Deyne",
                    "email": "sebastian@spatie.be",
                    "homepage": "https://spatie.be",
                    "role": "Developer"
                }
            ],
            "description": "A helper to query and format a set of opening hours",
            "homepage": "https://github.com/spatie/opening-hours",
            "keywords": [
                "hours",
                "opening",
                "opening-hours",
                "schedule",
                "spatie"
            ],
            "time": "2016-11-09 09:59:44"
        }
    ],
    "packages-dev": [],
    "aliases": [],
    "minimum-stability": "stable",
    "stability-flags": [],
    "prefer-stable": false,
    "prefer-lowest": false,
    "platform": [],
    "platform-dev": []
}
